
Microsoft Visual Studio Solution File, Format Version 12.00
# Visual Studio Version 17
VisualStudioVersion = 17.4.33205.214
MinimumVisualStudioVersion = 10.0.40219.1
Project("{9A19103F-16F7-4668-BE54-9A1E7A4F7556}") = "Aeon_AssetDecDL", "Aeon_AssetDecDL\Aeon_AssetDecDL.csproj", "{166863E2-D68C-460B-BA74-4A06EFAAEFF7}"
EndProject
Global
	GlobalSection(SolutionConfigurationPlatforms) = preSolution
		Debug|Any CPU = Debug|Any CPU
		Release|Any CPU = Release|Any CPU
	EndGlobalSection
	GlobalSection(ProjectConfigurationPlatforms) = postSolution
		{166863E2-D68C-460B-BA74-4A06EFAAEFF7}.Debug|Any CPU.ActiveCfg = Debug|Any CPU
		{166863E2-D68C-460B-BA74-4A06EFAAEFF7}.Debug|Any CPU.Build.0 = Debug|Any CPU
		{166863E2-D68C-460B-BA74-4A06EFAAEFF7}.Release|Any CPU.ActiveCfg = Release|Any CPU
		{166863E2-D68C-460B-BA74-4A06EFAAEFF7}.Release|Any CPU.Build.0 = Release|Any CPU
	EndGlobalSection
	GlobalSection(SolutionProperties) = preSolution
		HideSolutionNode = FALSE
	EndGlobalSection
	GlobalSection(ExtensibilityGlobals) = postSolution
		SolutionGuid = {7409584E-1CE7-4929-9C6B-E6A61E8E2E8B}
	EndGlobalSection
EndGlobal
